
Microsoft Visual Studio Solution File, Format Version 12.00
# Visual Studio 15
VisualStudioVersion = 15.0.27703.2042
MinimumVisualStudioVersion = 10.0.40219.1
Project("{FAE04EC0-301F-11D3-BF4B-00C04F79EFBC}") = "OdbcQueryTool", "OdbcQueryTool\OdbcQueryTool.csproj", "{E81D76BB-029E-4F24-9E18-8C196D4C2625}"
EndProject
Global
	GlobalSection(SolutionConfigurationPlatforms) = preSolution
		Debug|Any CPU = Debug|Any CPU
		Release|Any CPU = Release|Any CPU
	EndGlobalSection
	GlobalSection(ProjectConfigurationPlatforms) = postSolution
		{E81D76BB-029E-4F24-9E18-8C196D4C2625}.Debug|Any CPU.ActiveCfg = Debug|Any CPU
		{E81D76BB-029E-4F24-9E18-8C196D4C2625}.Debug|Any CPU.Build.0 = Debug|Any CPU
		{E81D76BB-029E-4F24-9E18-8C196D4C2625}.Release|Any CPU.ActiveCfg = Release|Any CPU
		{E81D76BB-029E-4F24-9E18-8C196D4C2625}.Release|Any CPU.Build.0 = Release|Any CPU
	EndGlobalSection
	GlobalSection(SolutionProperties) = preSolution
		HideSolutionNode = FALSE
	EndGlobalSection
	GlobalSection(ExtensibilityGlobals) = postSolution
		SolutionGuid = {56EC14EA-803C-457A-AD24-384C3C7C798A}
	EndGlobalSection
EndGlobal
